{
  "name": "app",
  "version": "0.0.0",
  "lockfileVersion": 2,
  "requires": true,
  "packages": {
    "": {
      "name": "app",
      "version": "0.0.0",
      "dependencies": {
        "@rspc/client": "^0.1.3",
        "@rspc/react": "^0.1.3",
        "@rspc/tauri": "^0.1.3",
        "@tanstack/react-query": "^4.35.0",
        "@tauri-apps/api": "^1.4.0",
        "d3": "^7.8.5",
        "d3-hierarchy": "^3.1.2",
        "react": "^18.2.0",
        "react-dom": "^18.2.0"
      },
      "devDependencies": {
        "@tauri-apps/cli": "^1.4.0",
        "@types/d3": "^7.4.0",
        "@types/react": "^18.2.15",
        "@types/react-dom": "^18.2.7",
        "@vitejs/plugin-react": "^4.0.3",
        "typescript": "^5.0.2",
        "vite": "^4.4.4"
      }
    },
    "../node_modules/.pnpm/@rspc+client@0.1.3/node_modules/@rspc/client": {
      "version": "0.1.3",
      "license": "MIT",
      "devDependencies": {
        "tsup": "^6.6.3",
        "typescript": "^4.9.5"
      }
    },
    "../node_modules/.pnpm/@rspc+react@0.1.3_@tanstack+react-query@4.35.0_react@18.2.0/node_modules/@rspc/react": {
      "version": "0.1.3",
      "license": "MIT",
      "dependencies": {
        "@rspc/client": "0.1.3"
      },
      "devDependencies": {
        "@tanstack/react-query": "^4.26.0",
        "@types/react": "^18.0.28",
        "react": "^18.2.0",
        "tsup": "^6.6.3",
        "typescript": "^4.9.5"
      },
      "peerDependencies": {
        "@tanstack/react-query": "^4.26.0",
        "react": "^18.0.0"
      }
    },
    "../node_modules/.pnpm/@rspc+tauri@0.1.3_@tauri-apps+api@1.4.0/node_modules/@rspc/tauri": {
      "version": "0.1.3",
      "license": "MIT",
      "dependencies": {
        "@rspc/client": "0.1.3"
      },
      "devDependencies": {
        "@tauri-apps/api": "^1.2.0",
        "tsup": "^6.6.3",
        "typescript": "^4.9.5"
      },
      "peerDependencies": {
        "@tauri-apps/api": "^1.2.0"
      }
    },
    "../node_modules/.pnpm/@tanstack+react-query@4.35.0_react-dom@18.2.0_react@18.2.0/node_modules/@tanstack/react-query": {
      "version": "4.35.0",
      "license": "MIT",
      "dependencies": {
        "@tanstack/query-core": "4.35.0",
        "use-sync-external-store": "^1.2.0"
      },
      "devDependencies": {
        "@types/jscodeshift": "^0.11.3",
        "@types/react": "^18.0.14",
        "@types/react-dom": "^18.0.5",
        "@types/use-sync-external-store": "^0.0.3",
        "jscodeshift": "^0.13.1",
        "react": "^18.2.0",
        "react-17": "npm:react@^17.0.2",
        "react-dom": "^18.2.0",
        "react-dom-17": "npm:react-dom@^17.0.2",
        "react-error-boundary": "^3.1.4"
      },
      "funding": {
        "type": "github",
        "url": "https://github.com/sponsors/tannerlinsley"
      },
      "peerDependencies": {
        "react": "^16.8.0 || ^17.0.0 || ^18.0.0",
        "react-dom": "^16.8.0 || ^17.0.0 || ^18.0.0",
        "react-native": "*"
      },
      "peerDependenciesMeta": {
        "react-dom": {
          "optional": true
        },
        "react-native": {
          "optional": true
        }
      }
    },
    "../node_modules/.pnpm/@tauri-apps+api@1.4.0/node_modules/@tauri-apps/api": {
      "version": "1.4.0",
      "license": "Apache-2.0 OR MIT",
      "devDependencies": {},
      "engines": {
        "node": ">= 14.6.0",
        "npm": ">= 6.6.0",
        "yarn": ">= 1.19.1"
      },
      "funding": {
        "type": "opencollective",
        "url": "https://opencollective.com/tauri"
      }
    },
    "../node_modules/.pnpm/@tauri-apps+cli@1.4.0/node_modules/@tauri-apps/cli": {
      "version": "1.4.0",
      "dev": true,
      "license": "Apache-2.0 OR MIT",
      "bin": {
        "tauri": "tauri.js"
      },
      "devDependencies": {
        "@napi-rs/cli": "2.16.1",
        "cross-env": "7.0.3",
        "cross-spawn": "7.0.3",
        "fs-extra": "11.1.1",
        "jest": "29.5.0",
        "jest-transform-toml": "1.0.0",
        "prettier": "2.8.8"
      },
      "engines": {
        "node": ">= 10"
      },
      "funding": {
        "type": "opencollective",
        "url": "https://opencollective.com/tauri"
      },
      "optionalDependencies": {
        "@tauri-apps/cli-darwin-arm64": "1.4.0",
        "@tauri-apps/cli-darwin-x64": "1.4.0",
        "@tauri-apps/cli-linux-arm-gnueabihf": "1.4.0",
        "@tauri-apps/cli-linux-arm64-gnu": "1.4.0",
        "@tauri-apps/cli-linux-arm64-musl": "1.4.0",
        "@tauri-apps/cli-linux-x64-gnu": "1.4.0",
        "@tauri-apps/cli-linux-x64-musl": "1.4.0",
        "@tauri-apps/cli-win32-arm64-msvc": "1.4.0",
        "@tauri-apps/cli-win32-ia32-msvc": "1.4.0",
        "@tauri-apps/cli-win32-x64-msvc": "1.4.0"
      }
    },
    "../node_modules/.pnpm/@types+react-dom@18.2.7/node_modules/@types/react-dom": {
      "version": "18.2.7",
      "dev": true,
      "license": "MIT",
      "dependencies": {
        "@types/react": "*"
      }
    },
    "../node_modules/.pnpm/@types+react@18.2.15/node_modules/@types/react": {
      "version": "18.2.15",
      "dev": true,
      "license": "MIT",
      "dependencies": {
        "@types/prop-types": "*",
        "@types/scheduler": "*",
        "csstype": "^3.0.2"
      }
    },
    "../node_modules/.pnpm/@vitejs+plugin-react@4.0.3_vite@4.4.4/node_modules/@vitejs/plugin-react": {
      "version": "4.0.3",
      "dev": true,
      "license": "MIT",
      "dependencies": {
        "@babel/core": "^7.22.5",
        "@babel/plugin-transform-react-jsx-self": "^7.22.5",
        "@babel/plugin-transform-react-jsx-source": "^7.22.5",
        "react-refresh": "^0.14.0"
      },
      "engines": {
        "node": "^14.18.0 || >=16.0.0"
      },
      "peerDependencies": {
        "vite": "^4.2.0"
      }
    },
    "../node_modules/.pnpm/d3-hierarchy@3.1.2/node_modules/d3-hierarchy": {
      "version": "3.1.2",
      "license": "ISC",
      "devDependencies": {
        "benchmark": "2",
        "d3-array": "1.2.0 - 3",
        "d3-dsv": "1 - 3",
        "d3-random": "1.1.0 - 3",
        "eslint": "8",
        "mocha": "9",
        "rollup": "2",
        "rollup-plugin-terser": "7"
      },
      "engines": {
        "node": ">=12"
      }
    },
    "../node_modules/.pnpm/d3@7.8.5/node_modules/d3": {
      "version": "7.8.5",
      "license": "ISC",
      "dependencies": {
        "d3-array": "3",
        "d3-axis": "3",
        "d3-brush": "3",
        "d3-chord": "3",
        "d3-color": "3",
        "d3-contour": "4",
        "d3-delaunay": "6",
        "d3-dispatch": "3",
        "d3-drag": "3",
        "d3-dsv": "3",
        "d3-ease": "3",
        "d3-fetch": "3",
        "d3-force": "3",
        "d3-format": "3",
        "d3-geo": "3",
        "d3-hierarchy": "3",
        "d3-interpolate": "3",
        "d3-path": "3",
        "d3-polygon": "3",
        "d3-quadtree": "3",
        "d3-random": "3",
        "d3-scale": "4",
        "d3-scale-chromatic": "3",
        "d3-selection": "3",
        "d3-shape": "3",
        "d3-time": "3",
        "d3-time-format": "4",
        "d3-timer": "3",
        "d3-transition": "3",
        "d3-zoom": "3"
      },
      "devDependencies": {
        "@rollup/plugin-json": "6",
        "@rollup/plugin-node-resolve": "15",
        "eslint": "8",
        "mocha": "10",
        "rollup": "3",
        "rollup-plugin-terser": "7"
      },
      "engines": {
        "node": ">=12"
      }
    },
    "../node_modules/.pnpm/react-dom@18.2.0_react@18.2.0/node_modules/react-dom": {
      "version": "18.2.0",
      "license": "MIT",
      "dependencies": {
        "loose-envify": "^1.1.0",
        "scheduler": "^0.23.0"
      },
      "peerDependencies": {
        "react": "^18.2.0"
      }
    },
    "../node_modules/.pnpm/react@18.2.0/node_modules/react": {
      "version": "18.2.0",
      "license": "MIT",
      "dependencies": {
        "loose-envify": "^1.1.0"
      },
      "engines": {
        "node": ">=0.10.0"
      }
    },
    "../node_modules/.pnpm/typescript@5.0.2/node_modules/typescript": {
      "version": "5.0.2",
      "dev": true,
      "license": "Apache-2.0",
      "bin": {
        "tsc": "bin/tsc",
        "tsserver": "bin/tsserver"
      },
      "devDependencies": {
        "@esfx/canceltoken": "^1.0.0",
        "@octokit/rest": "latest",
        "@types/chai": "^4.3.4",
        "@types/fs-extra": "^9.0.13",
        "@types/glob": "^8.1.0",
        "@types/microsoft__typescript-etw": "^0.1.1",
        "@types/minimist": "^1.2.2",
        "@types/mocha": "^10.0.1",
        "@types/ms": "^0.7.31",
        "@types/node": "latest",
        "@types/source-map-support": "^0.5.6",
        "@types/which": "^2.0.1",
        "@typescript-eslint/eslint-plugin": "^5.33.1",
        "@typescript-eslint/parser": "^5.33.1",
        "@typescript-eslint/utils": "^5.33.1",
        "azure-devops-node-api": "^11.2.0",
        "chai": "^4.3.7",
        "chalk": "^4.1.2",
        "chokidar": "^3.5.3",
        "del": "^6.1.1",
        "diff": "^5.1.0",
        "esbuild": "^0.17.2",
        "eslint": "^8.22.0",
        "eslint-formatter-autolinkable-stylish": "^1.2.0",
        "eslint-plugin-import": "^2.26.0",
        "eslint-plugin-local": "^1.0.0",
        "eslint-plugin-no-null": "^1.0.2",
        "eslint-plugin-simple-import-sort": "^10.0.0",
        "fast-xml-parser": "^4.0.11",
        "fs-extra": "^9.1.0",
        "glob": "^8.1.0",
        "hereby": "^1.6.4",
        "jsonc-parser": "^3.2.0",
        "minimist": "^1.2.8",
        "mocha": "^10.2.0",
        "mocha-fivemat-progress-reporter": "^0.1.0",
        "ms": "^2.1.3",
        "node-fetch": "^3.2.10",
        "source-map-support": "^0.5.21",
        "typescript": "5.0.0-dev.20230112",
        "which": "^2.0.2"
      },
      "engines": {
        "node": ">=12.20"
      }
    },
    "../node_modules/.pnpm/vite@4.4.4/node_modules/vite": {
      "version": "4.4.4",
      "dev": true,
      "license": "MIT",
      "dependencies": {
        "esbuild": "^0.18.10",
        "postcss": "^8.4.25",
        "rollup": "^3.25.2"
      },
      "bin": {
        "vite": "bin/vite.js"
      },
      "devDependencies": {
        "@ampproject/remapping": "^2.2.1",
        "@babel/parser": "^7.22.7",
        "@babel/types": "^7.22.5",
        "@jridgewell/trace-mapping": "^0.3.18",
        "@rollup/plugin-alias": "^4.0.4",
        "@rollup/plugin-commonjs": "^25.0.2",
        "@rollup/plugin-dynamic-import-vars": "^2.0.4",
        "@rollup/plugin-json": "^6.0.0",
        "@rollup/plugin-node-resolve": "15.1.0",
        "@rollup/plugin-typescript": "^11.1.2",
        "@rollup/pluginutils": "^5.0.2",
        "@types/escape-html": "^1.0.2",
        "@types/pnpapi": "^0.0.2",
        "acorn": "^8.10.0",
        "acorn-walk": "^8.2.0",
        "cac": "^6.7.14",
        "chokidar": "^3.5.3",
        "connect": "^3.7.0",
        "connect-history-api-fallback": "^2.0.0",
        "convert-source-map": "^2.0.0",
        "cors": "^2.8.5",
        "cross-spawn": "^7.0.3",
        "debug": "^4.3.4",
        "dep-types": "link:./src/types",
        "dotenv": "^16.3.1",
        "dotenv-expand": "^9.0.0",
        "es-module-lexer": "^1.3.0",
        "escape-html": "^1.0.3",
        "estree-walker": "^3.0.3",
        "etag": "^1.8.1",
        "fast-glob": "^3.3.0",
        "http-proxy": "^1.18.1",
        "json-stable-stringify": "^1.0.2",
        "launch-editor-middleware": "^2.6.0",
        "lightningcss": "^1.21.5",
        "magic-string": "^0.30.1",
        "micromatch": "^4.0.5",
        "mlly": "^1.4.0",
        "mrmime": "^1.0.1",
        "okie": "^1.0.1",
        "open": "^8.4.2",
        "parse5": "^7.1.2",
        "periscopic": "^3.1.0",
        "picocolors": "^1.0.0",
        "picomatch": "^2.3.1",
        "postcss-import": "^15.1.0",
        "postcss-load-config": "^4.0.1",
        "postcss-modules": "^6.0.0",
        "resolve.exports": "^2.0.2",
        "rollup-plugin-license": "^3.0.1",
        "sirv": "^2.0.3",
        "source-map-support": "^0.5.21",
        "strip-ansi": "^7.1.0",
        "strip-literal": "^1.0.1",
        "tsconfck": "^2.1.1",
        "tslib": "^2.6.0",
        "types": "link:./types",
        "ufo": "^1.1.2",
        "ws": "^8.13.0"
      },
      "engines": {
        "node": "^14.18.0 || >=16.0.0"
      },
      "funding": {
        "url": "https://github.com/vitejs/vite?sponsor=1"
      },
      "optionalDependencies": {
        "fsevents": "~2.3.2"
      },
      "peerDependencies": {
        "@types/node": ">= 14",
        "less": "*",
        "lightningcss": "^1.21.0",
        "sass": "*",
        "stylus": "*",
        "sugarss": "*",
        "terser": "^5.4.0"
      },
      "peerDependenciesMeta": {
        "@types/node": {
          "optional": true
        },
        "less": {
          "optional": true
        },
        "lightningcss": {
          "optional": true
        },
        "sass": {
          "optional": true
        },
        "stylus": {
          "optional": true
        },
        "sugarss": {
          "optional": true
        },
        "terser": {
          "optional": true
        }
      }
    },
    "node_modules/@rspc/client": {
      "resolved": "../node_modules/.pnpm/@rspc+client@0.1.3/node_modules/@rspc/client",
      "link": true
    },
    "node_modules/@rspc/react": {
      "resolved": "../node_modules/.pnpm/@rspc+react@0.1.3_@tanstack+react-query@4.35.0_react@18.2.0/node_modules/@rspc/react",
      "link": true
    },
    "node_modules/@rspc/tauri": {
      "resolved": "../node_modules/.pnpm/@rspc+tauri@0.1.3_@tauri-apps+api@1.4.0/node_modules/@rspc/tauri",
      "link": true
    },
    "node_modules/@tanstack/react-query": {
      "resolved": "../node_modules/.pnpm/@tanstack+react-query@4.35.0_react-dom@18.2.0_react@18.2.0/node_modules/@tanstack/react-query",
      "link": true
    },
    "node_modules/@tauri-apps/api": {
      "resolved": "../node_modules/.pnpm/@tauri-apps+api@1.4.0/node_modules/@tauri-apps/api",
      "link": true
    },
    "node_modules/@tauri-apps/cli": {
      "resolved": "../node_modules/.pnpm/@tauri-apps+cli@1.4.0/node_modules/@tauri-apps/cli",
      "link": true
    },
    "node_modules/@types/d3": {
      "version": "7.4.0",
      "resolved": "https://registry.npmjs.org/@types/d3/-/d3-7.4.0.tgz",
      "integrity": "sha512-jIfNVK0ZlxcuRDKtRS/SypEyOQ6UHaFQBKv032X45VvxSJ6Yi5G9behy9h6tNTHTDGh5Vq+KbmBjUWLgY4meCA==",
      "dev": true,
      "dependencies": {
        "@types/d3-array": "*",
        "@types/d3-axis": "*",
        "@types/d3-brush": "*",
        "@types/d3-chord": "*",
        "@types/d3-color": "*",
        "@types/d3-contour": "*",
        "@types/d3-delaunay": "*",
        "@types/d3-dispatch": "*",
        "@types/d3-drag": "*",
        "@types/d3-dsv": "*",
        "@types/d3-ease": "*",
        "@types/d3-fetch": "*",
        "@types/d3-force": "*",
        "@types/d3-format": "*",
        "@types/d3-geo": "*",
        "@types/d3-hierarchy": "*",
        "@types/d3-interpolate": "*",
        "@types/d3-path": "*",
        "@types/d3-polygon": "*",
        "@types/d3-quadtree": "*",
        "@types/d3-random": "*",
        "@types/d3-scale": "*",
        "@types/d3-scale-chromatic": "*",
        "@types/d3-selection": "*",
        "@types/d3-shape": "*",
        "@types/d3-time": "*",
        "@types/d3-time-format": "*",
        "@types/d3-timer": "*",
        "@types/d3-transition": "*",
        "@types/d3-zoom": "*"
      }
    },
    "node_modules/@types/d3-array": {
      "version": "3.0.7",
      "resolved": "https://registry.npmjs.org/@types/d3-array/-/d3-array-3.0.7.tgz",
      "integrity": "sha512-4/Q0FckQ8TBjsB0VdGFemJOG8BLXUB2KKlL0VmZ+eOYeOnTb/wDRQqYWpBmQ6IlvWkXwkYiot+n9Px2aTJ7zGQ==",
      "dev": true
    },
    "node_modules/@types/d3-axis": {
      "version": "3.0.3",
      "resolved": "https://registry.npmjs.org/@types/d3-axis/-/d3-axis-3.0.3.tgz",
      "integrity": "sha512-SE3x/pLO/+GIHH17mvs1uUVPkZ3bHquGzvZpPAh4yadRy71J93MJBpgK/xY8l9gT28yTN1g9v3HfGSFeBMmwZw==",
      "dev": true,
      "dependencies": {
        "@types/d3-selection": "*"
      }
    },
    "node_modules/@types/d3-brush": {
      "version": "3.0.3",
      "resolved": "https://registry.npmjs.org/@types/d3-brush/-/d3-brush-3.0.3.tgz",
      "integrity": "sha512-MQ1/M/B5ifTScHSe5koNkhxn2mhUPqXjGuKjjVYckplAPjP9t2I2sZafb/YVHDwhoXWZoSav+Q726eIbN3qprA==",
      "dev": true,
      "dependencies": {
        "@types/d3-selection": "*"
      }
    },
    "node_modules/@types/d3-chord": {
      "version": "3.0.3",
      "resolved": "https://registry.npmjs.org/@types/d3-chord/-/d3-chord-3.0.3.tgz",
      "integrity": "sha512-keuSRwO02c7PBV3JMWuctIfdeJrVFI7RpzouehvBWL4/GGUB3PBNg/9ZKPZAgJphzmS2v2+7vr7BGDQw1CAulw==",
      "dev": true
    },
    "node_modules/@types/d3-color": {
      "version": "3.1.0",
      "resolved": "https://registry.npmjs.org/@types/d3-color/-/d3-color-3.1.0.tgz",
      "integrity": "sha512-HKuicPHJuvPgCD+np6Se9MQvS6OCbJmOjGvylzMJRlDwUXjKTTXs6Pwgk79O09Vj/ho3u1ofXnhFOaEWWPrlwA==",
      "dev": true
    },
    "node_modules/@types/d3-contour": {
      "version": "3.0.3",
      "resolved": "https://registry.npmjs.org/@types/d3-contour/-/d3-contour-3.0.3.tgz",
      "integrity": "sha512-x7G/tdDZt4m09XZnG2SutbIuQqmkNYqR9uhDMdPlpJbcwepkEjEWG29euFcgVA1k6cn92CHdDL9Z+fOnxnbVQw==",
      "dev": true,
      "dependencies": {
        "@types/d3-array": "*",
        "@types/geojson": "*"
      }
    },
    "node_modules/@types/d3-delaunay": {
      "version": "6.0.1",
      "resolved": "https://registry.npmjs.org/@types/d3-delaunay/-/d3-delaunay-6.0.1.tgz",
      "integrity": "sha512-tLxQ2sfT0p6sxdG75c6f/ekqxjyYR0+LwPrsO1mbC9YDBzPJhs2HbJJRrn8Ez1DBoHRo2yx7YEATI+8V1nGMnQ==",
      "dev": true
    },
    "node_modules/@types/d3-dispatch": {
      "version": "3.0.3",
      "resolved": "https://registry.npmjs.org/@types/d3-dispatch/-/d3-dispatch-3.0.3.tgz",
      "integrity": "sha512-Df7KW3Re7G6cIpIhQtqHin8yUxUHYAqiE41ffopbmU5+FifYUNV7RVyTg8rQdkEagg83m14QtS8InvNb95Zqug==",
      "dev": true
    },
    "node_modules/@types/d3-drag": {
      "version": "3.0.3",
      "resolved": "https://registry.npmjs.org/@types/d3-drag/-/d3-drag-3.0.3.tgz",
      "integrity": "sha512-82AuQMpBQjuXeIX4tjCYfWjpm3g7aGCfx6dFlxX2JlRaiME/QWcHzBsINl7gbHCODA2anPYlL31/Trj/UnjK9A==",
      "dev": true,
      "dependencies": {
        "@types/d3-selection": "*"
      }
    },
    "node_modules/@types/d3-dsv": {
      "version": "3.0.2",
      "resolved": "https://registry.npmjs.org/@types/d3-dsv/-/d3-dsv-3.0.2.tgz",
      "integrity": "sha512-DooW5AOkj4AGmseVvbwHvwM/Ltu0Ks0WrhG6r5FG9riHT5oUUTHz6xHsHqJSVU8ZmPkOqlUEY2obS5C9oCIi2g==",
      "dev": true
    },
    "node_modules/@types/d3-ease": {
      "version": "3.0.0",
      "resolved": "https://registry.npmjs.org/@types/d3-ease/-/d3-ease-3.0.0.tgz",
      "integrity": "sha512-aMo4eaAOijJjA6uU+GIeW018dvy9+oH5Y2VPPzjjfxevvGQ/oRDs+tfYC9b50Q4BygRR8yE2QCLsrT0WtAVseA==",
      "dev": true
    },
    "node_modules/@types/d3-fetch": {
      "version": "3.0.3",
      "resolved": "https://registry.npmjs.org/@types/d3-fetch/-/d3-fetch-3.0.3.tgz",
      "integrity": "sha512-/EsDKRiQkby3Z/8/AiZq8bsuLDo/tYHnNIZkUpSeEHWV7fHUl6QFBjvMPbhkKGk9jZutzfOkGygCV7eR/MkcXA==",
      "dev": true,
      "dependencies": {
        "@types/d3-dsv": "*"
      }
    },
    "node_modules/@types/d3-force": {
      "version": "3.0.5",
      "resolved": "https://registry.npmjs.org/@types/d3-force/-/d3-force-3.0.5.tgz",
      "integrity": "sha512-EGG+IWx93ESSXBwfh/5uPuR9Hp8M6o6qEGU7bBQslxCvrdUBQZha/EFpu/VMdLU4B0y4Oe4h175nSm7p9uqFug==",
      "dev": true
    },
    "node_modules/@types/d3-format": {
      "version": "3.0.1",
      "resolved": "https://registry.npmjs.org/@types/d3-format/-/d3-format-3.0.1.tgz",
      "integrity": "sha512-5KY70ifCCzorkLuIkDe0Z9YTf9RR2CjBX1iaJG+rgM/cPP+sO+q9YdQ9WdhQcgPj1EQiJ2/0+yUkkziTG6Lubg==",
      "dev": true
    },
    "node_modules/@types/d3-geo": {
      "version": "3.0.4",
      "resolved": "https://registry.npmjs.org/@types/d3-geo/-/d3-geo-3.0.4.tgz",
      "integrity": "sha512-kmUK8rVVIBPKJ1/v36bk2aSgwRj2N/ZkjDT+FkMT5pgedZoPlyhaG62J+9EgNIgUXE6IIL0b7bkLxCzhE6U4VQ==",
      "dev": true,
      "dependencies": {
        "@types/geojson": "*"
      }
    },
    "node_modules/@types/d3-hierarchy": {
      "version": "3.1.3",
      "resolved": "https://registry.npmjs.org/@types/d3-hierarchy/-/d3-hierarchy-3.1.3.tgz",
      "integrity": "sha512-GpSK308Xj+HeLvogfEc7QsCOcIxkDwLhFYnOoohosEzOqv7/agxwvJER1v/kTC+CY1nfazR0F7gnHo7GE41/fw==",
      "dev": true
    },
    "node_modules/@types/d3-interpolate": {
      "version": "3.0.1",
      "resolved": "https://registry.npmjs.org/@types/d3-interpolate/-/d3-interpolate-3.0.1.tgz",
      "integrity": "sha512-jx5leotSeac3jr0RePOH1KdR9rISG91QIE4Q2PYTu4OymLTZfA3SrnURSLzKH48HmXVUru50b8nje4E79oQSQw==",
      "dev": true,
      "dependencies": {
        "@types/d3-color": "*"
      }
    },
    "node_modules/@types/d3-path": {
      "version": "3.0.0",
      "resolved": "https://registry.npmjs.org/@types/d3-path/-/d3-path-3.0.0.tgz",
      "integrity": "sha512-0g/A+mZXgFkQxN3HniRDbXMN79K3CdTpLsevj+PXiTcb2hVyvkZUBg37StmgCQkaD84cUJ4uaDAWq7UJOQy2Tg==",
      "dev": true
    },
    "node_modules/@types/d3-polygon": {
      "version": "3.0.0",
      "resolved": "https://registry.npmjs.org/@types/d3-polygon/-/d3-polygon-3.0.0.tgz",
      "integrity": "sha512-D49z4DyzTKXM0sGKVqiTDTYr+DHg/uxsiWDAkNrwXYuiZVd9o9wXZIo+YsHkifOiyBkmSWlEngHCQme54/hnHw==",
      "dev": true
    },
    "node_modules/@types/d3-quadtree": {
      "version": "3.0.2",
      "resolved": "https://registry.npmjs.org/@types/d3-quadtree/-/d3-quadtree-3.0.2.tgz",
      "integrity": "sha512-QNcK8Jguvc8lU+4OfeNx+qnVy7c0VrDJ+CCVFS9srBo2GL9Y18CnIxBdTF3v38flrGy5s1YggcoAiu6s4fLQIw==",
      "dev": true
    },
    "node_modules/@types/d3-random": {
      "version": "3.0.1",
      "resolved": "https://registry.npmjs.org/@types/d3-random/-/d3-random-3.0.1.tgz",
      "integrity": "sha512-IIE6YTekGczpLYo/HehAy3JGF1ty7+usI97LqraNa8IiDur+L44d0VOjAvFQWJVdZOJHukUJw+ZdZBlgeUsHOQ==",
      "dev": true
    },
    "node_modules/@types/d3-scale": {
      "version": "4.0.4",
      "resolved": "https://registry.npmjs.org/@types/d3-scale/-/d3-scale-4.0.4.tgz",
      "integrity": "sha512-eq1ZeTj0yr72L8MQk6N6heP603ubnywSDRfNpi5enouR112HzGLS6RIvExCzZTraFF4HdzNpJMwA/zGiMoHUUw==",
      "dev": true,
      "dependencies": {
        "@types/d3-time": "*"
      }
    },
    "node_modules/@types/d3-scale-chromatic": {
      "version": "3.0.0",
      "resolved": "https://registry.npmjs.org/@types/d3-scale-chromatic/-/d3-scale-chromatic-3.0.0.tgz",
      "integrity": "sha512-dsoJGEIShosKVRBZB0Vo3C8nqSDqVGujJU6tPznsBJxNJNwMF8utmS83nvCBKQYPpjCzaaHcrf66iTRpZosLPw==",
      "dev": true
    },
    "node_modules/@types/d3-selection": {
      "version": "3.0.6",
      "resolved": "https://registry.npmjs.org/@types/d3-selection/-/d3-selection-3.0.6.tgz",
      "integrity": "sha512-2ACr96USZVjXR9KMD9IWi1Epo4rSDKnUtYn6q2SPhYxykvXTw9vR77lkFNruXVg4i1tzQtBxeDMx0oNvJWbF1w==",
      "dev": true
    },
    "node_modules/@types/d3-shape": {
      "version": "3.1.2",
      "resolved": "https://registry.npmjs.org/@types/d3-shape/-/d3-shape-3.1.2.tgz",
      "integrity": "sha512-NN4CXr3qeOUNyK5WasVUV8NCSAx/CRVcwcb0BuuS1PiTqwIm6ABi1SyasLZ/vsVCFDArF+W4QiGzSry1eKYQ7w==",
      "dev": true,
      "dependencies": {
        "@types/d3-path": "*"
      }
    },
    "node_modules/@types/d3-time": {
      "version": "3.0.0",
      "resolved": "https://registry.npmjs.org/@types/d3-time/-/d3-time-3.0.0.tgz",
      "integrity": "sha512-sZLCdHvBUcNby1cB6Fd3ZBrABbjz3v1Vm90nysCQ6Vt7vd6e/h9Lt7SiJUoEX0l4Dzc7P5llKyhqSi1ycSf1Hg==",
      "dev": true
    },
    "node_modules/@types/d3-time-format": {
      "version": "4.0.0",
      "resolved": "https://registry.npmjs.org/@types/d3-time-format/-/d3-time-format-4.0.0.tgz",
      "integrity": "sha512-yjfBUe6DJBsDin2BMIulhSHmr5qNR5Pxs17+oW4DoVPyVIXZ+m6bs7j1UVKP08Emv6jRmYrYqxYzO63mQxy1rw==",
      "dev": true
    },
    "node_modules/@types/d3-timer": {
      "version": "3.0.0",
      "resolved": "https://registry.npmjs.org/@types/d3-timer/-/d3-timer-3.0.0.tgz",
      "integrity": "sha512-HNB/9GHqu7Fo8AQiugyJbv6ZxYz58wef0esl4Mv828w1ZKpAshw/uFWVDUcIB9KKFeFKoxS3cHY07FFgtTRZ1g==",
      "dev": true
    },
    "node_modules/@types/d3-transition": {
      "version": "3.0.4",
      "resolved": "https://registry.npmjs.org/@types/d3-transition/-/d3-transition-3.0.4.tgz",
      "integrity": "sha512-512a4uCOjUzsebydItSXsHrPeQblCVk8IKjqCUmrlvBWkkVh3donTTxmURDo1YPwIVDh5YVwCAO6gR4sgimCPQ==",
      "dev": true,
      "dependencies": {
        "@types/d3-selection": "*"
      }
    },
    "node_modules/@types/d3-zoom": {
      "version": "3.0.4",
      "resolved": "https://registry.npmjs.org/@types/d3-zoom/-/d3-zoom-3.0.4.tgz",
      "integrity": "sha512-cqkuY1ah9ZQre2POqjSLcM8g40UVya/qwEUrNYP2/rCVljbmqKCVcv+ebvwhlI5azIbSEL7m+os6n+WlYA43aA==",
      "dev": true,
      "dependencies": {
        "@types/d3-interpolate": "*",
        "@types/d3-selection": "*"
      }
    },
    "node_modules/@types/geojson": {
      "version": "7946.0.10",
      "resolved": "https://registry.npmjs.org/@types/geojson/-/geojson-7946.0.10.tgz",
      "integrity": "sha512-Nmh0K3iWQJzniTuPRcJn5hxXkfB1T1pgB89SBig5PlJQU5yocazeu4jATJlaA0GYFKWMqDdvYemoSnF2pXgLVA==",
      "dev": true
    },
    "node_modules/@types/react": {
      "resolved": "../node_modules/.pnpm/@types+react@18.2.15/node_modules/@types/react",
      "link": true
    },
    "node_modules/@types/react-dom": {
      "resolved": "../node_modules/.pnpm/@types+react-dom@18.2.7/node_modules/@types/react-dom",
      "link": true
    },
    "node_modules/@vitejs/plugin-react": {
      "resolved": "../node_modules/.pnpm/@vitejs+plugin-react@4.0.3_vite@4.4.4/node_modules/@vitejs/plugin-react",
      "link": true
    },
    "node_modules/d3": {
      "resolved": "../node_modules/.pnpm/d3@7.8.5/node_modules/d3",
      "link": true
    },
    "node_modules/d3-hierarchy": {
      "resolved": "../node_modules/.pnpm/d3-hierarchy@3.1.2/node_modules/d3-hierarchy",
      "link": true
    },
    "node_modules/react": {
      "resolved": "../node_modules/.pnpm/react@18.2.0/node_modules/react",
      "link": true
    },
    "node_modules/react-dom": {
      "resolved": "../node_modules/.pnpm/react-dom@18.2.0_react@18.2.0/node_modules/react-dom",
      "link": true
    },
    "node_modules/typescript": {
      "resolved": "../node_modules/.pnpm/typescript@5.0.2/node_modules/typescript",
      "link": true
    },
    "node_modules/vite": {
      "resolved": "../node_modules/.pnpm/vite@4.4.4/node_modules/vite",
      "link": true
    }
  },
  "dependencies": {
    "@rspc/client": {
      "version": "file:../node_modules/.pnpm/@rspc+client@0.1.3/node_modules/@rspc/client",
      "requires": {
        "tsup": "^6.6.3",
        "typescript": "^4.9.5"
      }
    },
    "@rspc/react": {
      "version": "file:../node_modules/.pnpm/@rspc+react@0.1.3_@tanstack+react-query@4.35.0_react@18.2.0/node_modules/@rspc/react",
      "requires": {
        "@rspc/client": "0.1.3",
        "@tanstack/react-query": "^4.26.0",
        "@types/react": "^18.0.28",
        "react": "^18.2.0",
        "tsup": "^6.6.3",
        "typescript": "^4.9.5"
      }
    },
    "@rspc/tauri": {
      "version": "file:../node_modules/.pnpm/@rspc+tauri@0.1.3_@tauri-apps+api@1.4.0/node_modules/@rspc/tauri",
      "requires": {
        "@rspc/client": "0.1.3",
        "@tauri-apps/api": "^1.2.0",
        "tsup": "^6.6.3",
        "typescript": "^4.9.5"
      }
    },
    "@tanstack/react-query": {
      "version": "file:../node_modules/.pnpm/@tanstack+react-query@4.35.0_react-dom@18.2.0_react@18.2.0/node_modules/@tanstack/react-query",
      "requires": {
        "@tanstack/query-core": "4.35.0",
        "@types/jscodeshift": "^0.11.3",
        "@types/react": "^18.0.14",
        "@types/react-dom": "^18.0.5",
        "@types/use-sync-external-store": "^0.0.3",
        "jscodeshift": "^0.13.1",
        "react": "^18.2.0",
        "react-17": "npm:react@^17.0.2",
        "react-dom": "^18.2.0",
        "react-dom-17": "npm:react-dom@^17.0.2",
        "react-error-boundary": "^3.1.4",
        "use-sync-external-store": "^1.2.0"
      }
    },
    "@tauri-apps/api": {
      "version": "file:../node_modules/.pnpm/@tauri-apps+api@1.4.0/node_modules/@tauri-apps/api"
    },
    "@tauri-apps/cli": {
      "version": "file:../node_modules/.pnpm/@tauri-apps+cli@1.4.0/node_modules/@tauri-apps/cli",
      "requires": {
        "@napi-rs/cli": "2.16.1",
        "@tauri-apps/cli-darwin-arm64": "1.4.0",
        "@tauri-apps/cli-darwin-x64": "1.4.0",
        "@tauri-apps/cli-linux-arm-gnueabihf": "1.4.0",
        "@tauri-apps/cli-linux-arm64-gnu": "1.4.0",
        "@tauri-apps/cli-linux-arm64-musl": "1.4.0",
        "@tauri-apps/cli-linux-x64-gnu": "1.4.0",
        "@tauri-apps/cli-linux-x64-musl": "1.4.0",
        "@tauri-apps/cli-win32-arm64-msvc": "1.4.0",
        "@tauri-apps/cli-win32-ia32-msvc": "1.4.0",
        "@tauri-apps/cli-win32-x64-msvc": "1.4.0",
        "cross-env": "7.0.3",
        "cross-spawn": "7.0.3",
        "fs-extra": "11.1.1",
        "jest": "29.5.0",
        "jest-transform-toml": "1.0.0",
        "prettier": "2.8.8"
      }
    },
    "@types/d3": {
      "version": "7.4.0",
      "resolved": "https://registry.npmjs.org/@types/d3/-/d3-7.4.0.tgz",
      "integrity": "sha512-jIfNVK0ZlxcuRDKtRS/SypEyOQ6UHaFQBKv032X45VvxSJ6Yi5G9behy9h6tNTHTDGh5Vq+KbmBjUWLgY4meCA==",
      "dev": true,
      "requires": {
        "@types/d3-array": "*",
        "@types/d3-axis": "*",
        "@types/d3-brush": "*",
        "@types/d3-chord": "*",
        "@types/d3-color": "*",
        "@types/d3-contour": "*",
        "@types/d3-delaunay": "*",
        "@types/d3-dispatch": "*",
        "@types/d3-drag": "*",
        "@types/d3-dsv": "*",
        "@types/d3-ease": "*",
        "@types/d3-fetch": "*",
        "@types/d3-force": "*",
        "@types/d3-format": "*",
        "@types/d3-geo": "*",
        "@types/d3-hierarchy": "*",
        "@types/d3-interpolate": "*",
        "@types/d3-path": "*",
        "@types/d3-polygon": "*",
        "@types/d3-quadtree": "*",
        "@types/d3-random": "*",
        "@types/d3-scale": "*",
        "@types/d3-scale-chromatic": "*",
        "@types/d3-selection": "*",
        "@types/d3-shape": "*",
        "@types/d3-time": "*",
        "@types/d3-time-format": "*",
        "@types/d3-timer": "*",
        "@types/d3-transition": "*",
        "@types/d3-zoom": "*"
      }
    },
    "@types/d3-array": {
      "version": "3.0.7",
      "resolved": "https://registry.npmjs.org/@types/d3-array/-/d3-array-3.0.7.tgz",
      "integrity": "sha512-4/Q0FckQ8TBjsB0VdGFemJOG8BLXUB2KKlL0VmZ+eOYeOnTb/wDRQqYWpBmQ6IlvWkXwkYiot+n9Px2aTJ7zGQ==",
      "dev": true
    },
    "@types/d3-axis": {
      "version": "3.0.3",
      "resolved": "https://registry.npmjs.org/@types/d3-axis/-/d3-axis-3.0.3.tgz",
      "integrity": "sha512-SE3x/pLO/+GIHH17mvs1uUVPkZ3bHquGzvZpPAh4yadRy71J93MJBpgK/xY8l9gT28yTN1g9v3HfGSFeBMmwZw==",
      "dev": true,
      "requires": {
        "@types/d3-selection": "*"
      }
    },
    "@types/d3-brush": {
      "version": "3.0.3",
      "resolved": "https://registry.npmjs.org/@types/d3-brush/-/d3-brush-3.0.3.tgz",
      "integrity": "sha512-MQ1/M/B5ifTScHSe5koNkhxn2mhUPqXjGuKjjVYckplAPjP9t2I2sZafb/YVHDwhoXWZoSav+Q726eIbN3qprA==",
      "dev": true,
      "requires": {
        "@types/d3-selection": "*"
      }
    },
    "@types/d3-chord": {
      "version": "3.0.3",
      "resolved": "https://registry.npmjs.org/@types/d3-chord/-/d3-chord-3.0.3.tgz",
      "integrity": "sha512-keuSRwO02c7PBV3JMWuctIfdeJrVFI7RpzouehvBWL4/GGUB3PBNg/9ZKPZAgJphzmS2v2+7vr7BGDQw1CAulw==",
      "dev": true
    },
    "@types/d3-color": {
      "version": "3.1.0",
      "resolved": "https://registry.npmjs.org/@types/d3-color/-/d3-color-3.1.0.tgz",
      "integrity": "sha512-HKuicPHJuvPgCD+np6Se9MQvS6OCbJmOjGvylzMJRlDwUXjKTTXs6Pwgk79O09Vj/ho3u1ofXnhFOaEWWPrlwA==",
      "dev": true
    },
    "@types/d3-contour": {
      "version": "3.0.3",
      "resolved": "https://registry.npmjs.org/@types/d3-contour/-/d3-contour-3.0.3.tgz",
      "integrity": "sha512-x7G/tdDZt4m09XZnG2SutbIuQqmkNYqR9uhDMdPlpJbcwepkEjEWG29euFcgVA1k6cn92CHdDL9Z+fOnxnbVQw==",
      "dev": true,
      "requires": {
        "@types/d3-array": "*",
        "@types/geojson": "*"
      }
    },
    "@types/d3-delaunay": {
      "version": "6.0.1",
      "resolved": "https://registry.npmjs.org/@types/d3-delaunay/-/d3-delaunay-6.0.1.tgz",
      "integrity": "sha512-tLxQ2sfT0p6sxdG75c6f/ekqxjyYR0+LwPrsO1mbC9YDBzPJhs2HbJJRrn8Ez1DBoHRo2yx7YEATI+8V1nGMnQ==",
      "dev": true
    },
    "@types/d3-dispatch": {
      "version": "3.0.3",
      "resolved": "https://registry.npmjs.org/@types/d3-dispatch/-/d3-dispatch-3.0.3.tgz",
      "integrity": "sha512-Df7KW3Re7G6cIpIhQtqHin8yUxUHYAqiE41ffopbmU5+FifYUNV7RVyTg8rQdkEagg83m14QtS8InvNb95Zqug==",
      "dev": true
    },
    "@types/d3-drag": {
      "version": "3.0.3",
      "resolved": "https://registry.npmjs.org/@types/d3-drag/-/d3-drag-3.0.3.tgz",
      "integrity": "sha512-82AuQMpBQjuXeIX4tjCYfWjpm3g7aGCfx6dFlxX2JlRaiME/QWcHzBsINl7gbHCODA2anPYlL31/Trj/UnjK9A==",
      "dev": true,
      "requires": {
        "@types/d3-selection": "*"
      }
    },
    "@types/d3-dsv": {
      "version": "3.0.2",
      "resolved": "https://registry.npmjs.org/@types/d3-dsv/-/d3-dsv-3.0.2.tgz",
      "integrity": "sha512-DooW5AOkj4AGmseVvbwHvwM/Ltu0Ks0WrhG6r5FG9riHT5oUUTHz6xHsHqJSVU8ZmPkOqlUEY2obS5C9oCIi2g==",
      "dev": true
    },
    "@types/d3-ease": {
      "version": "3.0.0",
      "resolved": "https://registry.npmjs.org/@types/d3-ease/-/d3-ease-3.0.0.tgz",
      "integrity": "sha512-aMo4eaAOijJjA6uU+GIeW018dvy9+oH5Y2VPPzjjfxevvGQ/oRDs+tfYC9b50Q4BygRR8yE2QCLsrT0WtAVseA==",
      "dev": true
    },
    "@types/d3-fetch": {
      "version": "3.0.3",
      "resolved": "https://registry.npmjs.org/@types/d3-fetch/-/d3-fetch-3.0.3.tgz",
      "integrity": "sha512-/EsDKRiQkby3Z/8/AiZq8bsuLDo/tYHnNIZkUpSeEHWV7fHUl6QFBjvMPbhkKGk9jZutzfOkGygCV7eR/MkcXA==",
      "dev": true,
      "requires": {
        "@types/d3-dsv": "*"
      }
    },
    "@types/d3-force": {
      "version": "3.0.5",
      "resolved": "https://registry.npmjs.org/@types/d3-force/-/d3-force-3.0.5.tgz",
      "integrity": "sha512-EGG+IWx93ESSXBwfh/5uPuR9Hp8M6o6qEGU7bBQslxCvrdUBQZha/EFpu/VMdLU4B0y4Oe4h175nSm7p9uqFug==",
      "dev": true
    },
    "@types/d3-format": {
      "version": "3.0.1",
      "resolved": "https://registry.npmjs.org/@types/d3-format/-/d3-format-3.0.1.tgz",
      "integrity": "sha512-5KY70ifCCzorkLuIkDe0Z9YTf9RR2CjBX1iaJG+rgM/cPP+sO+q9YdQ9WdhQcgPj1EQiJ2/0+yUkkziTG6Lubg==",
      "dev": true
    },
    "@types/d3-geo": {
      "version": "3.0.4",
      "resolved": "https://registry.npmjs.org/@types/d3-geo/-/d3-geo-3.0.4.tgz",
      "integrity": "sha512-kmUK8rVVIBPKJ1/v36bk2aSgwRj2N/ZkjDT+FkMT5pgedZoPlyhaG62J+9EgNIgUXE6IIL0b7bkLxCzhE6U4VQ==",
      "dev": true,
      "requires": {
        "@types/geojson": "*"
      }
    },
    "@types/d3-hierarchy": {
      "version": "3.1.3",
      "resolved": "https://registry.npmjs.org/@types/d3-hierarchy/-/d3-hierarchy-3.1.3.tgz",
      "integrity": "sha512-GpSK308Xj+HeLvogfEc7QsCOcIxkDwLhFYnOoohosEzOqv7/agxwvJER1v/kTC+CY1nfazR0F7gnHo7GE41/fw==",
      "dev": true
    },
    "@types/d3-interpolate": {
      "version": "3.0.1",
      "resolved": "https://registry.npmjs.org/@types/d3-interpolate/-/d3-interpolate-3.0.1.tgz",
      "integrity": "sha512-jx5leotSeac3jr0RePOH1KdR9rISG91QIE4Q2PYTu4OymLTZfA3SrnURSLzKH48HmXVUru50b8nje4E79oQSQw==",
      "dev": true,
      "requires": {
        "@types/d3-color": "*"
      }
    },
    "@types/d3-path": {
      "version": "3.0.0",
      "resolved": "https://registry.npmjs.org/@types/d3-path/-/d3-path-3.0.0.tgz",
      "integrity": "sha512-0g/A+mZXgFkQxN3HniRDbXMN79K3CdTpLsevj+PXiTcb2hVyvkZUBg37StmgCQkaD84cUJ4uaDAWq7UJOQy2Tg==",
      "dev": true
    },
    "@types/d3-polygon": {
      "version": "3.0.0",
      "resolved": "https://registry.npmjs.org/@types/d3-polygon/-/d3-polygon-3.0.0.tgz",
      "integrity": "sha512-D49z4DyzTKXM0sGKVqiTDTYr+DHg/uxsiWDAkNrwXYuiZVd9o9wXZIo+YsHkifOiyBkmSWlEngHCQme54/hnHw==",
      "dev": true
    },
    "@types/d3-quadtree": {
      "version": "3.0.2",
      "resolved": "https://registry.npmjs.org/@types/d3-quadtree/-/d3-quadtree-3.0.2.tgz",
      "integrity": "sha512-QNcK8Jguvc8lU+4OfeNx+qnVy7c0VrDJ+CCVFS9srBo2GL9Y18CnIxBdTF3v38flrGy5s1YggcoAiu6s4fLQIw==",
      "dev": true
    },
    "@types/d3-random": {
      "version": "3.0.1",
      "resolved": "https://registry.npmjs.org/@types/d3-random/-/d3-random-3.0.1.tgz",
      "integrity": "sha512-IIE6YTekGczpLYo/HehAy3JGF1ty7+usI97LqraNa8IiDur+L44d0VOjAvFQWJVdZOJHukUJw+ZdZBlgeUsHOQ==",
      "dev": true
    },
    "@types/d3-scale": {
      "version": "4.0.4",
      "resolved": "https://registry.npmjs.org/@types/d3-scale/-/d3-scale-4.0.4.tgz",
      "integrity": "sha512-eq1ZeTj0yr72L8MQk6N6heP603ubnywSDRfNpi5enouR112HzGLS6RIvExCzZTraFF4HdzNpJMwA/zGiMoHUUw==",
      "dev": true,
      "requires": {
        "@types/d3-time": "*"
      }
    },
    "@types/d3-scale-chromatic": {
      "version": "3.0.0",
      "resolved": "https://registry.npmjs.org/@types/d3-scale-chromatic/-/d3-scale-chromatic-3.0.0.tgz",
      "integrity": "sha512-dsoJGEIShosKVRBZB0Vo3C8nqSDqVGujJU6tPznsBJxNJNwMF8utmS83nvCBKQYPpjCzaaHcrf66iTRpZosLPw==",
      "dev": true
    },
    "@types/d3-selection": {
      "version": "3.0.6",
      "resolved": "https://registry.npmjs.org/@types/d3-selection/-/d3-selection-3.0.6.tgz",
      "integrity": "sha512-2ACr96USZVjXR9KMD9IWi1Epo4rSDKnUtYn6q2SPhYxykvXTw9vR77lkFNruXVg4i1tzQtBxeDMx0oNvJWbF1w==",
      "dev": true
    },
    "@types/d3-shape": {
      "version": "3.1.2",
      "resolved": "https://registry.npmjs.org/@types/d3-shape/-/d3-shape-3.1.2.tgz",
      "integrity": "sha512-NN4CXr3qeOUNyK5WasVUV8NCSAx/CRVcwcb0BuuS1PiTqwIm6ABi1SyasLZ/vsVCFDArF+W4QiGzSry1eKYQ7w==",
      "dev": true,
      "requires": {
        "@types/d3-path": "*"
      }
    },
    "@types/d3-time": {
      "version": "3.0.0",
      "resolved": "https://registry.npmjs.org/@types/d3-time/-/d3-time-3.0.0.tgz",
      "integrity": "sha512-sZLCdHvBUcNby1cB6Fd3ZBrABbjz3v1Vm90nysCQ6Vt7vd6e/h9Lt7SiJUoEX0l4Dzc7P5llKyhqSi1ycSf1Hg==",
      "dev": true
    },
    "@types/d3-time-format": {
      "version": "4.0.0",
      "resolved": "https://registry.npmjs.org/@types/d3-time-format/-/d3-time-format-4.0.0.tgz",
      "integrity": "sha512-yjfBUe6DJBsDin2BMIulhSHmr5qNR5Pxs17+oW4DoVPyVIXZ+m6bs7j1UVKP08Emv6jRmYrYqxYzO63mQxy1rw==",
      "dev": true
    },
    "@types/d3-timer": {
      "version": "3.0.0",
      "resolved": "https://registry.npmjs.org/@types/d3-timer/-/d3-timer-3.0.0.tgz",
      "integrity": "sha512-HNB/9GHqu7Fo8AQiugyJbv6ZxYz58wef0esl4Mv828w1ZKpAshw/uFWVDUcIB9KKFeFKoxS3cHY07FFgtTRZ1g==",
      "dev": true
    },
    "@types/d3-transition": {
      "version": "3.0.4",
      "resolved": "https://registry.npmjs.org/@types/d3-transition/-/d3-transition-3.0.4.tgz",
      "integrity": "sha512-512a4uCOjUzsebydItSXsHrPeQblCVk8IKjqCUmrlvBWkkVh3donTTxmURDo1YPwIVDh5YVwCAO6gR4sgimCPQ==",
      "dev": true,
      "requires": {
        "@types/d3-selection": "*"
      }
    },
    "@types/d3-zoom": {
      "version": "3.0.4",
      "resolved": "https://registry.npmjs.org/@types/d3-zoom/-/d3-zoom-3.0.4.tgz",
      "integrity": "sha512-cqkuY1ah9ZQre2POqjSLcM8g40UVya/qwEUrNYP2/rCVljbmqKCVcv+ebvwhlI5azIbSEL7m+os6n+WlYA43aA==",
      "dev": true,
      "requires": {
        "@types/d3-interpolate": "*",
        "@types/d3-selection": "*"
      }
    },
    "@types/geojson": {
      "version": "7946.0.10",
      "resolved": "https://registry.npmjs.org/@types/geojson/-/geojson-7946.0.10.tgz",
      "integrity": "sha512-Nmh0K3iWQJzniTuPRcJn5hxXkfB1T1pgB89SBig5PlJQU5yocazeu4jATJlaA0GYFKWMqDdvYemoSnF2pXgLVA==",
      "dev": true
    },
    "@types/react": {
      "version": "file:../node_modules/.pnpm/@types+react@18.2.15/node_modules/@types/react",
      "requires": {
        "@types/prop-types": "*",
        "@types/scheduler": "*",
        "csstype": "^3.0.2"
      }
    },
    "@types/react-dom": {
      "version": "file:../node_modules/.pnpm/@types+react-dom@18.2.7/node_modules/@types/react-dom",
      "requires": {
        "@types/react": "*"
      }
    },
    "@vitejs/plugin-react": {
      "version": "file:../node_modules/.pnpm/@vitejs+plugin-react@4.0.3_vite@4.4.4/node_modules/@vitejs/plugin-react",
      "requires": {
        "@babel/core": "^7.22.5",
        "@babel/plugin-transform-react-jsx-self": "^7.22.5",
        "@babel/plugin-transform-react-jsx-source": "^7.22.5",
        "react-refresh": "^0.14.0"
      }
    },
    "d3": {
      "version": "file:../node_modules/.pnpm/d3@7.8.5/node_modules/d3",
      "requires": {
        "@rollup/plugin-json": "6",
        "@rollup/plugin-node-resolve": "15",
        "d3-array": "3",
        "d3-axis": "3",
        "d3-brush": "3",
        "d3-chord": "3",
        "d3-color": "3",
        "d3-contour": "4",
        "d3-delaunay": "6",
        "d3-dispatch": "3",
        "d3-drag": "3",
        "d3-dsv": "3",
        "d3-ease": "3",
        "d3-fetch": "3",
        "d3-force": "3",
        "d3-format": "3",
        "d3-geo": "3",
        "d3-hierarchy": "3",
        "d3-interpolate": "3",
        "d3-path": "3",
        "d3-polygon": "3",
        "d3-quadtree": "3",
        "d3-random": "3",
        "d3-scale": "4",
        "d3-scale-chromatic": "3",
        "d3-selection": "3",
        "d3-shape": "3",
        "d3-time": "3",
        "d3-time-format": "4",
        "d3-timer": "3",
        "d3-transition": "3",
        "d3-zoom": "3",
        "eslint": "8",
        "mocha": "10",
        "rollup": "3",
        "rollup-plugin-terser": "7"
      }
    },
    "d3-hierarchy": {
      "version": "file:../node_modules/.pnpm/d3-hierarchy@3.1.2/node_modules/d3-hierarchy",
      "requires": {
        "benchmark": "2",
        "d3-array": "1.2.0 - 3",
        "d3-dsv": "1 - 3",
        "d3-random": "1.1.0 - 3",
        "eslint": "8",
        "mocha": "9",
        "rollup": "2",
        "rollup-plugin-terser": "7"
      }
    },
    "react": {
      "version": "file:../node_modules/.pnpm/react@18.2.0/node_modules/react",
      "requires": {
        "loose-envify": "^1.1.0"
      }
    },
    "react-dom": {
      "version": "file:../node_modules/.pnpm/react-dom@18.2.0_react@18.2.0/node_modules/react-dom",
      "requires": {
        "loose-envify": "^1.1.0",
        "scheduler": "^0.23.0"
      }
    },
    "typescript": {
      "version": "file:../node_modules/.pnpm/typescript@5.0.2/node_modules/typescript",
      "requires": {
        "@esfx/canceltoken": "^1.0.0",
        "@octokit/rest": "latest",
        "@types/chai": "^4.3.4",
        "@types/fs-extra": "^9.0.13",
        "@types/glob": "^8.1.0",
        "@types/microsoft__typescript-etw": "^0.1.1",
        "@types/minimist": "^1.2.2",
        "@types/mocha": "^10.0.1",
        "@types/ms": "^0.7.31",
        "@types/node": "latest",
        "@types/source-map-support": "^0.5.6",
        "@types/which": "^2.0.1",
        "@typescript-eslint/eslint-plugin": "^5.33.1",
        "@typescript-eslint/parser": "^5.33.1",
        "@typescript-eslint/utils": "^5.33.1",
        "azure-devops-node-api": "^11.2.0",
        "chai": "^4.3.7",
        "chalk": "^4.1.2",
        "chokidar": "^3.5.3",
        "del": "^6.1.1",
        "diff": "^5.1.0",
        "esbuild": "^0.17.2",
        "eslint": "^8.22.0",
        "eslint-formatter-autolinkable-stylish": "^1.2.0",
        "eslint-plugin-import": "^2.26.0",
        "eslint-plugin-local": "^1.0.0",
        "eslint-plugin-no-null": "^1.0.2",
        "eslint-plugin-simple-import-sort": "^10.0.0",
        "fast-xml-parser": "^4.0.11",
        "fs-extra": "^9.1.0",
        "glob": "^8.1.0",
        "hereby": "^1.6.4",
        "jsonc-parser": "^3.2.0",
        "minimist": "^1.2.8",
        "mocha": "^10.2.0",
        "mocha-fivemat-progress-reporter": "^0.1.0",
        "ms": "^2.1.3",
        "node-fetch": "^3.2.10",
        "source-map-support": "^0.5.21",
        "typescript": "5.0.0-dev.20230112",
        "which": "^2.0.2"
      }
    },
    "vite": {
      "version": "file:../node_modules/.pnpm/vite@4.4.4/node_modules/vite",
      "requires": {
        "@ampproject/remapping": "^2.2.1",
        "@babel/parser": "^7.22.7",
        "@babel/types": "^7.22.5",
        "@jridgewell/trace-mapping": "^0.3.18",
        "@rollup/plugin-alias": "^4.0.4",
        "@rollup/plugin-commonjs": "^25.0.2",
        "@rollup/plugin-dynamic-import-vars": "^2.0.4",
        "@rollup/plugin-json": "^6.0.0",
        "@rollup/plugin-node-resolve": "15.1.0",
        "@rollup/plugin-typescript": "^11.1.2",
        "@rollup/pluginutils": "^5.0.2",
        "@types/escape-html": "^1.0.2",
        "@types/pnpapi": "^0.0.2",
        "acorn": "^8.10.0",
        "acorn-walk": "^8.2.0",
        "cac": "^6.7.14",
        "chokidar": "^3.5.3",
        "connect": "^3.7.0",
        "connect-history-api-fallback": "^2.0.0",
        "convert-source-map": "^2.0.0",
        "cors": "^2.8.5",
        "cross-spawn": "^7.0.3",
        "debug": "^4.3.4",
        "dep-types": "link:./src/types",
        "dotenv": "^16.3.1",
        "dotenv-expand": "^9.0.0",
        "es-module-lexer": "^1.3.0",
        "esbuild": "^0.18.10",
        "escape-html": "^1.0.3",
        "estree-walker": "^3.0.3",
        "etag": "^1.8.1",
        "fast-glob": "^3.3.0",
        "fsevents": "~2.3.2",
        "http-proxy": "^1.18.1",
        "json-stable-stringify": "^1.0.2",
        "launch-editor-middleware": "^2.6.0",
        "lightningcss": "^1.21.5",
        "magic-string": "^0.30.1",
        "micromatch": "^4.0.5",
        "mlly": "^1.4.0",
        "mrmime": "^1.0.1",
        "okie": "^1.0.1",
        "open": "^8.4.2",
        "parse5": "^7.1.2",
        "periscopic": "^3.1.0",
        "picocolors": "^1.0.0",
        "picomatch": "^2.3.1",
        "postcss": "^8.4.25",
        "postcss-import": "^15.1.0",
        "postcss-load-config": "^4.0.1",
        "postcss-modules": "^6.0.0",
        "resolve.exports": "^2.0.2",
        "rollup": "^3.25.2",
        "rollup-plugin-license": "^3.0.1",
        "sirv": "^2.0.3",
        "source-map-support": "^0.5.21",
        "strip-ansi": "^7.1.0",
        "strip-literal": "^1.0.1",
        "tsconfck": "^2.1.1",
        "tslib": "^2.6.0",
        "types": "link:./types",
        "ufo": "^1.1.2",
        "ws": "^8.13.0"
      }
    }
  }
}
